
Microsoft Visual Studio Solution File, Format Version 12.00
# Visual Studio 14
VisualStudioVersion = 14.0.25420.1
MinimumVisualStudioVersion = 10.0.40219.1
Project("{FAE04EC0-301F-11D3-BF4B-00C04F79EFBC}") = "EXAM_WF", "EXAM_WF\EXAM_WF.csproj", "{A78C3AF6-4310-4FE1-9BD6-BE28779F9013}"
EndProject
Global
	GlobalSection(SolutionConfigurationPlatforms) = preSolution
		Debug|Any CPU = Debug|Any CPU
		Release|Any CPU = Release|Any CPU
	EndGlobalSection
	GlobalSection(ProjectConfigurationPlatforms) = postSolution
		{A78C3AF6-4310-4FE1-9BD6-BE28779F9013}.Debug|Any CPU.ActiveCfg = Debug|Any CPU
		{A78C3AF6-4310-4FE1-9BD6-BE28779F9013}.Debug|Any CPU.Build.0 = Debug|Any CPU
		{A78C3AF6-4310-4FE1-9BD6-BE28779F9013}.Release|Any CPU.ActiveCfg = Release|Any CPU
		{A78C3AF6-4310-4FE1-9BD6-BE28779F9013}.Release|Any CPU.Build.0 = Release|Any CPU
	EndGlobalSection
	GlobalSection(SolutionProperties) = preSolution
		HideSolutionNode = FALSE
	EndGlobalSection
EndGlobal
